{
  "name": "playing-cards",
  "version": "1.0.0",
  "lockfileVersion": 3,
  "requires": true,
  "packages": {
    "": {
      "name": "playing-cards",
      "version": "1.0.0",
      "license": "ISC",
      "dependencies": {
        "gm": "^1.25.0",
        "sharp": "^0.33.4"
      }
    },
    "node_modules/@img/sharp-darwin-arm64": {
      "version": "0.33.4",
      "resolved": "https://registry.npmjs.org/@img/sharp-darwin-arm64/-/sharp-darwin-arm64-0.33.4.tgz",
      "integrity": "sha512-p0suNqXufJs9t3RqLBO6vvrgr5OhgbWp76s5gTRvdmxmuv9E1rcaqGUsl3l4mKVmXPkTkTErXediAui4x+8PSA==",
      "cpu": [
        "arm64"
      ],
      "optional": true,
      "os": [
        "darwin"
      ],
      "engines": {
        "glibc": ">=2.26",
        "node": "^18.17.0 || ^20.3.0 || >=21.0.0",
        "npm": ">=9.6.5",
        "pnpm": ">=7.1.0",
        "yarn": ">=3.2.0"
      },
      "funding": {
        "url": "https://opencollective.com/libvips"
      },
      "optionalDependencies": {
        "@img/sharp-libvips-darwin-arm64": "1.0.2"
      }
    },
    "node_modules/@img/sharp-darwin-x64": {
      "version": "0.33.4",
      "resolved": "https://registry.npmjs.org/@img/sharp-darwin-x64/-/sharp-darwin-x64-0.33.4.tgz",
      "integrity": "sha512-0l7yRObwtTi82Z6ebVI2PnHT8EB2NxBgpK2MiKJZJ7cz32R4lxd001ecMhzzsZig3Yv9oclvqqdV93jo9hy+Dw==",
      "cpu": [
        "x64"
      ],
      "optional": true,
      "os": [
        "darwin"
      ],
      "engines": {
        "glibc": ">=2.26",
        "node": "^18.17.0 || ^20.3.0 || >=21.0.0",
        "npm": ">=9.6.5",
        "pnpm": ">=7.1.0",
        "yarn": ">=3.2.0"
      },
      "funding": {
        "url": "https://opencollective.com/libvips"
      },
      "optionalDependencies": {
        "@img/sharp-libvips-darwin-x64": "1.0.2"
      }
    },
    "node_modules/@img/sharp-libvips-darwin-arm64": {
      "version": "1.0.2",
      "resolved": "https://registry.npmjs.org/@img/sharp-libvips-darwin-arm64/-/sharp-libvips-darwin-arm64-1.0.2.tgz",
      "integrity": "sha512-tcK/41Rq8IKlSaKRCCAuuY3lDJjQnYIW1UXU1kxcEKrfL8WR7N6+rzNoOxoQRJWTAECuKwgAHnPvqXGN8XfkHA==",
      "cpu": [
        "arm64"
      ],
      "optional": true,
      "os": [
        "darwin"
      ],
      "engines": {
        "macos": ">=11",
        "npm": ">=9.6.5",
        "pnpm": ">=7.1.0",
        "yarn": ">=3.2.0"
      },
      "funding": {
        "url": "https://opencollective.com/libvips"
      }
    },
    "node_modules/@img/sharp-libvips-darwin-x64": {
      "version": "1.0.2",
      "resolved": "https://registry.npmjs.org/@img/sharp-libvips-darwin-x64/-/sharp-libvips-darwin-x64-1.0.2.tgz",
      "integrity": "sha512-Ofw+7oaWa0HiiMiKWqqaZbaYV3/UGL2wAPeLuJTx+9cXpCRdvQhCLG0IH8YGwM0yGWGLpsF4Su9vM1o6aer+Fw==",
      "cpu": [
        "x64"
      ],
      "optional": true,
      "os": [
        "darwin"
      ],
      "engines": {
        "macos": ">=10.13",
        "npm": ">=9.6.5",
        "pnpm": ">=7.1.0",
        "yarn": ">=3.2.0"
      },
      "funding": {
        "url": "https://opencollective.com/libvips"
      }
    },
    "node_modules/@img/sharp-libvips-linux-arm": {
      "version": "1.0.2",
      "resolved": "https://registry.npmjs.org/@img/sharp-libvips-linux-arm/-/sharp-libvips-linux-arm-1.0.2.tgz",
      "integrity": "sha512-iLWCvrKgeFoglQxdEwzu1eQV04o8YeYGFXtfWU26Zr2wWT3q3MTzC+QTCO3ZQfWd3doKHT4Pm2kRmLbupT+sZw==",
      "cpu": [
        "arm"
      ],
      "optional": true,
      "os": [
        "linux"
      ],
      "engines": {
        "glibc": ">=2.28",
        "npm": ">=9.6.5",
        "pnpm": ">=7.1.0",
        "yarn": ">=3.2.0"
      },
      "funding": {
        "url": "https://opencollective.com/libvips"
      }
    },
    "node_modules/@img/sharp-libvips-linux-arm64": {
      "version": "1.0.2",
      "resolved": "https://registry.npmjs.org/@img/sharp-libvips-linux-arm64/-/sharp-libvips-linux-arm64-1.0.2.tgz",
      "integrity": "sha512-x7kCt3N00ofFmmkkdshwj3vGPCnmiDh7Gwnd4nUwZln2YjqPxV1NlTyZOvoDWdKQVDL911487HOueBvrpflagw==",
      "cpu": [
        "arm64"
      ],
      "optional": true,
      "os": [
        "linux"
      ],
      "engines": {
        "glibc": ">=2.26",
        "npm": ">=9.6.5",
        "pnpm": ">=7.1.0",
        "yarn": ">=3.2.0"
      },
      "funding": {
        "url": "https://opencollective.com/libvips"
      }
    },
    "node_modules/@img/sharp-libvips-linux-s390x": {
      "version": "1.0.2",
      "resolved": "https://registry.npmjs.org/@img/sharp-libvips-linux-s390x/-/sharp-libvips-linux-s390x-1.0.2.tgz",
      "integrity": "sha512-cmhQ1J4qVhfmS6szYW7RT+gLJq9dH2i4maq+qyXayUSn9/3iY2ZeWpbAgSpSVbV2E1JUL2Gg7pwnYQ1h8rQIog==",
      "cpu": [
        "s390x"
      ],
      "optional": true,
      "os": [
        "linux"
      ],
      "engines": {
        "glibc": ">=2.28",
        "npm": ">=9.6.5",
        "pnpm": ">=7.1.0",
        "yarn": ">=3.2.0"
      },
      "funding": {
        "url": "https://opencollective.com/libvips"
      }
    },
    "node_modules/@img/sharp-libvips-linux-x64": {
      "version": "1.0.2",
      "resolved": "https://registry.npmjs.org/@img/sharp-libvips-linux-x64/-/sharp-libvips-linux-x64-1.0.2.tgz",
      "integrity": "sha512-E441q4Qdb+7yuyiADVi5J+44x8ctlrqn8XgkDTwr4qPJzWkaHwD489iZ4nGDgcuya4iMN3ULV6NwbhRZJ9Z7SQ==",
      "cpu": [
        "x64"
      ],
      "optional": true,
      "os": [
        "linux"
      ],
      "engines": {
        "glibc": ">=2.26",
        "npm": ">=9.6.5",
        "pnpm": ">=7.1.0",
        "yarn": ">=3.2.0"
      },
      "funding": {
        "url": "https://opencollective.com/libvips"
      }
    },
    "node_modules/@img/sharp-libvips-linuxmusl-arm64": {
      "version": "1.0.2",
      "resolved": "https://registry.npmjs.org/@img/sharp-libvips-linuxmusl-arm64/-/sharp-libvips-linuxmusl-arm64-1.0.2.tgz",
      "integrity": "sha512-3CAkndNpYUrlDqkCM5qhksfE+qSIREVpyoeHIU6jd48SJZViAmznoQQLAv4hVXF7xyUB9zf+G++e2v1ABjCbEQ==",
      "cpu": [
        "arm64"
      ],
      "optional": true,
      "os": [
        "linux"
      ],
      "engines": {
        "musl": ">=1.2.2",
        "npm": ">=9.6.5",
        "pnpm": ">=7.1.0",
        "yarn": ">=3.2.0"
      },
      "funding": {
        "url": "https://opencollective.com/libvips"
      }
    },
    "node_modules/@img/sharp-libvips-linuxmusl-x64": {
      "version": "1.0.2",
      "resolved": "https://registry.npmjs.org/@img/sharp-libvips-linuxmusl-x64/-/sharp-libvips-linuxmusl-x64-1.0.2.tgz",
      "integrity": "sha512-VI94Q6khIHqHWNOh6LLdm9s2Ry4zdjWJwH56WoiJU7NTeDwyApdZZ8c+SADC8OH98KWNQXnE01UdJ9CSfZvwZw==",
      "cpu": [
        "x64"
      ],
      "optional": true,
      "os": [
        "linux"
      ],
      "engines": {
        "musl": ">=1.2.2",
        "npm": ">=9.6.5",
        "pnpm": ">=7.1.0",
        "yarn": ">=3.2.0"
      },
      "funding": {
        "url": "https://opencollective.com/libvips"
      }
    },
    "node_modules/@img/sharp-linux-arm": {
      "version": "0.33.4",
      "resolved": "https://registry.npmjs.org/@img/sharp-linux-arm/-/sharp-linux-arm-0.33.4.tgz",
      "integrity": "sha512-RUgBD1c0+gCYZGCCe6mMdTiOFS0Zc/XrN0fYd6hISIKcDUbAW5NtSQW9g/powkrXYm6Vzwd6y+fqmExDuCdHNQ==",
      "cpu": [
        "arm"
      ],
      "optional": true,
      "os": [
        "linux"
      ],
      "engines": {
        "glibc": ">=2.28",
        "node": "^18.17.0 || ^20.3.0 || >=21.0.0",
        "npm": ">=9.6.5",
        "pnpm": ">=7.1.0",
        "yarn": ">=3.2.0"
      },
      "funding": {
        "url": "https://opencollective.com/libvips"
      },
      "optionalDependencies": {
        "@img/sharp-libvips-linux-arm": "1.0.2"
      }
    },
    "node_modules/@img/sharp-linux-arm64": {
      "version": "0.33.4",
      "resolved": "https://registry.npmjs.org/@img/sharp-linux-arm64/-/sharp-linux-arm64-0.33.4.tgz",
      "integrity": "sha512-2800clwVg1ZQtxwSoTlHvtm9ObgAax7V6MTAB/hDT945Tfyy3hVkmiHpeLPCKYqYR1Gcmv1uDZ3a4OFwkdBL7Q==",
      "cpu": [
        "arm64"
      ],
      "optional": true,
      "os": [
        "linux"
      ],
      "engines": {
        "glibc": ">=2.26",
        "node": "^18.17.0 || ^20.3.0 || >=21.0.0",
        "npm": ">=9.6.5",
        "pnpm": ">=7.1.0",
        "yarn": ">=3.2.0"
      },
      "funding": {
        "url": "https://opencollective.com/libvips"
      },
      "optionalDependencies": {
        "@img/sharp-libvips-linux-arm64": "1.0.2"
      }
    },
    "node_modules/@img/sharp-linux-s390x": {
      "version": "0.33.4",
      "resolved": "https://registry.npmjs.org/@img/sharp-linux-s390x/-/sharp-linux-s390x-0.33.4.tgz",
      "integrity": "sha512-h3RAL3siQoyzSoH36tUeS0PDmb5wINKGYzcLB5C6DIiAn2F3udeFAum+gj8IbA/82+8RGCTn7XW8WTFnqag4tQ==",
      "cpu": [
        "s390x"
      ],
      "optional": true,
      "os": [
        "linux"
      ],
      "engines": {
        "glibc": ">=2.31",
        "node": "^18.17.0 || ^20.3.0 || >=21.0.0",
        "npm": ">=9.6.5",
        "pnpm": ">=7.1.0",
        "yarn": ">=3.2.0"
      },
      "funding": {
        "url": "https://opencollective.com/libvips"
      },
      "optionalDependencies": {
        "@img/sharp-libvips-linux-s390x": "1.0.2"
      }
    },
    "node_modules/@img/sharp-linux-x64": {
      "version": "0.33.4",
      "resolved": "https://registry.npmjs.org/@img/sharp-linux-x64/-/sharp-linux-x64-0.33.4.tgz",
      "integrity": "sha512-GoR++s0XW9DGVi8SUGQ/U4AeIzLdNjHka6jidVwapQ/JebGVQIpi52OdyxCNVRE++n1FCLzjDovJNozif7w/Aw==",
      "cpu": [
        "x64"
      ],
      "optional": true,
      "os": [
        "linux"
      ],
      "engines": {
        "glibc": ">=2.26",
        "node": "^18.17.0 || ^20.3.0 || >=21.0.0",
        "npm": ">=9.6.5",
        "pnpm": ">=7.1.0",
        "yarn": ">=3.2.0"
      },
      "funding": {
        "url": "https://opencollective.com/libvips"
      },
      "optionalDependencies": {
        "@img/sharp-libvips-linux-x64": "1.0.2"
      }
    },
    "node_modules/@img/sharp-linuxmusl-arm64": {
      "version": "0.33.4",
      "resolved": "https://registry.npmjs.org/@img/sharp-linuxmusl-arm64/-/sharp-linuxmusl-arm64-0.33.4.tgz",
      "integrity": "sha512-nhr1yC3BlVrKDTl6cO12gTpXMl4ITBUZieehFvMntlCXFzH2bvKG76tBL2Y/OqhupZt81pR7R+Q5YhJxW0rGgQ==",
      "cpu": [
        "arm64"
      ],
      "optional": true,
      "os": [
        "linux"
      ],
      "engines": {
        "musl": ">=1.2.2",
        "node": "^18.17.0 || ^20.3.0 || >=21.0.0",
        "npm": ">=9.6.5",
        "pnpm": ">=7.1.0",
        "yarn": ">=3.2.0"
      },
      "funding": {
        "url": "https://opencollective.com/libvips"
      },
      "optionalDependencies": {
        "@img/sharp-libvips-linuxmusl-arm64": "1.0.2"
      }
    },
    "node_modules/@img/sharp-linuxmusl-x64": {
      "version": "0.33.4",
      "resolved": "https://registry.npmjs.org/@img/sharp-linuxmusl-x64/-/sharp-linuxmusl-x64-0.33.4.tgz",
      "integrity": "sha512-uCPTku0zwqDmZEOi4ILyGdmW76tH7dm8kKlOIV1XC5cLyJ71ENAAqarOHQh0RLfpIpbV5KOpXzdU6XkJtS0daw==",
      "cpu": [
        "x64"
      ],
      "optional": true,
      "os": [
        "linux"
      ],
      "engines": {
        "musl": ">=1.2.2",
        "node": "^18.17.0 || ^20.3.0 || >=21.0.0",
        "npm": ">=9.6.5",
        "pnpm": ">=7.1.0",
        "yarn": ">=3.2.0"
      },
      "funding": {
        "url": "https://opencollective.com/libvips"
      },
      "optionalDependencies": {
        "@img/sharp-libvips-linuxmusl-x64": "1.0.2"
      }
    },
    "node_modules/@img/sharp-wasm32": {
      "version": "0.33.4",
      "resolved": "https://registry.npmjs.org/@img/sharp-wasm32/-/sharp-wasm32-0.33.4.tgz",
      "integrity": "sha512-Bmmauh4sXUsUqkleQahpdNXKvo+wa1V9KhT2pDA4VJGKwnKMJXiSTGphn0gnJrlooda0QxCtXc6RX1XAU6hMnQ==",
      "cpu": [
        "wasm32"
      ],
      "optional": true,
      "dependencies": {
        "@emnapi/runtime": "^1.1.1"
      },
      "engines": {
        "node": "^18.17.0 || ^20.3.0 || >=21.0.0",
        "npm": ">=9.6.5",
        "pnpm": ">=7.1.0",
        "yarn": ">=3.2.0"
      },
      "funding": {
        "url": "https://opencollective.com/libvips"
      }
    },
    "node_modules/@img/sharp-wasm32/node_modules/@emnapi/runtime": {
      "version": "1.2.0",
      "resolved": "https://registry.npmjs.org/@emnapi/runtime/-/runtime-1.2.0.tgz",
      "integrity": "sha512-bV21/9LQmcQeCPEg3BDFtvwL6cwiTMksYNWQQ4KOxCZikEGalWtenoZ0wCiukJINlGCIi2KXx01g4FoH/LxpzQ==",
      "optional": true,
      "dependencies": {
        "tslib": "^2.4.0"
      }
    },
    "node_modules/@img/sharp-wasm32/node_modules/tslib": {
      "version": "2.6.3",
      "resolved": "https://registry.npmjs.org/tslib/-/tslib-2.6.3.tgz",
      "integrity": "sha512-xNvxJEOUiWPGhUuUdQgAJPKOOJfGnIyKySOc09XkKsgdUV/3E2zvwZYdejjmRgPCgcym1juLH3226yA7sEFJKQ==",
      "optional": true
    },
    "node_modules/@img/sharp-win32-ia32": {
      "version": "0.33.4",
      "resolved": "https://registry.npmjs.org/@img/sharp-win32-ia32/-/sharp-win32-ia32-0.33.4.tgz",
      "integrity": "sha512-99SJ91XzUhYHbx7uhK3+9Lf7+LjwMGQZMDlO/E/YVJ7Nc3lyDFZPGhjwiYdctoH2BOzW9+TnfqcaMKt0jHLdqw==",
      "cpu": [
        "ia32"
      ],
      "optional": true,
      "os": [
        "win32"
      ],
      "engines": {
        "node": "^18.17.0 || ^20.3.0 || >=21.0.0",
        "npm": ">=9.6.5",
        "pnpm": ">=7.1.0",
        "yarn": ">=3.2.0"
      },
      "funding": {
        "url": "https://opencollective.com/libvips"
      }
    },
    "node_modules/@img/sharp-win32-x64": {
      "version": "0.33.4",
      "resolved": "https://registry.npmjs.org/@img/sharp-win32-x64/-/sharp-win32-x64-0.33.4.tgz",
      "integrity": "sha512-3QLocdTRVIrFNye5YocZl+KKpYKP+fksi1QhmOArgx7GyhIbQp/WrJRu176jm8IxromS7RIkzMiMINVdBtC8Aw==",
      "cpu": [
        "x64"
      ],
      "optional": true,
      "os": [
        "win32"
      ],
      "engines": {
        "node": "^18.17.0 || ^20.3.0 || >=21.0.0",
        "npm": ">=9.6.5",
        "pnpm": ">=7.1.0",
        "yarn": ">=3.2.0"
      },
      "funding": {
        "url": "https://opencollective.com/libvips"
      }
    },
    "node_modules/array-parallel": {
      "version": "0.1.3",
      "resolved": "https://registry.npmjs.org/array-parallel/-/array-parallel-0.1.3.tgz",
      "integrity": "sha512-TDPTwSWW5E4oiFiKmz6RGJ/a80Y91GuLgUYuLd49+XBS75tYo8PNgaT2K/OxuQYqkoI852MDGBorg9OcUSTQ8w=="
    },
    "node_modules/array-series": {
      "version": "0.1.5",
      "resolved": "https://registry.npmjs.org/array-series/-/array-series-0.1.5.tgz",
      "integrity": "sha512-L0XlBwfx9QetHOsbLDrE/vh2t018w9462HM3iaFfxRiK83aJjAt/Ja3NMkOW7FICwWTlQBa3ZbL5FKhuQWkDrg=="
    },
    "node_modules/color": {
      "version": "4.2.3",
      "resolved": "https://registry.npmjs.org/color/-/color-4.2.3.tgz",
      "integrity": "sha512-1rXeuUUiGGrykh+CeBdu5Ie7OJwinCgQY0bc7GCRxy5xVHy+moaqkpL/jqQq0MtQOeYcrqEz4abc5f0KtU7W4A==",
      "dependencies": {
        "color-convert": "^2.0.1",
        "color-string": "^1.9.0"
      },
      "engines": {
        "node": ">=12.5.0"
      }
    },
    "node_modules/color/node_modules/color-convert": {
      "version": "2.0.1",
      "resolved": "https://registry.npmjs.org/color-convert/-/color-convert-2.0.1.tgz",
      "integrity": "sha512-RRECPsj7iu/xb5oKYcsFHSppFNnsj/52OVTRKb4zP5onXwVF3zVmmToNcOfGC+CRDpfK/U584fMg38ZHCaElKQ==",
      "dependencies": {
        "color-name": "~1.1.4"
      },
      "engines": {
        "node": ">=7.0.0"
      }
    },
    "node_modules/color/node_modules/color-name": {
      "version": "1.1.4",
      "resolved": "https://registry.npmjs.org/color-name/-/color-name-1.1.4.tgz",
      "integrity": "sha512-dOy+3AuW3a2wNbZHIuMZpTcgjGuLU/uBL/ubcZF9OXbDo8ff4O8yVp5Bf0efS8uEoYo5q4Fx7dY9OgQGXgAsQA=="
    },
    "node_modules/color/node_modules/color-string": {
      "version": "1.9.1",
      "resolved": "https://registry.npmjs.org/color-string/-/color-string-1.9.1.tgz",
      "integrity": "sha512-shrVawQFojnZv6xM40anx4CkoDP+fZsw/ZerEMsW/pyzsRbElpsL/DBVW7q3ExxwusdNXI3lXpuhEZkzs8p5Eg==",
      "dependencies": {
        "color-name": "^1.0.0",
        "simple-swizzle": "^0.2.2"
      }
    },
    "node_modules/color/node_modules/is-arrayish": {
      "version": "0.3.2",
      "resolved": "https://registry.npmjs.org/is-arrayish/-/is-arrayish-0.3.2.tgz",
      "integrity": "sha512-eVRqCvVlZbuw3GrM63ovNSNAeA1K16kaR/LRY/92w0zxQ5/1YzwblUX652i4Xs9RwAGjW9d9y6X88t8OaAJfWQ=="
    },
    "node_modules/color/node_modules/simple-swizzle": {
      "version": "0.2.2",
      "resolved": "https://registry.npmjs.org/simple-swizzle/-/simple-swizzle-0.2.2.tgz",
      "integrity": "sha512-JA//kQgZtbuY83m+xT+tXJkmJncGMTFT+C+g2h2R9uxkYIrE2yy9sgmcLhCnw57/WSD+Eh3J97FPEDFnbXnDUg==",
      "dependencies": {
        "is-arrayish": "^0.3.1"
      }
    },
    "node_modules/cross-spawn": {
      "version": "4.0.2",
      "resolved": "https://registry.npmjs.org/cross-spawn/-/cross-spawn-4.0.2.tgz",
      "integrity": "sha512-yAXz/pA1tD8Gtg2S98Ekf/sewp3Lcp3YoFKJ4Hkp5h5yLWnKVTDU0kwjKJ8NDCYcfTLfyGkzTikst+jWypT1iA==",
      "dependencies": {
        "lru-cache": "^4.0.1",
        "which": "^1.2.9"
      }
    },
    "node_modules/debug": {
      "version": "3.2.7",
      "resolved": "https://registry.npmjs.org/debug/-/debug-3.2.7.tgz",
      "integrity": "sha512-CFjzYYAi4ThfiQvizrFQevTTXHtnCqWfe7x1AhgEscTz6ZbLbfoLRLPugTQyBth6f8ZERVUSyWHFD/7Wu4t1XQ==",
      "dependencies": {
        "ms": "^2.1.1"
      }
    },
    "node_modules/detect-libc": {
      "version": "2.0.3",
      "resolved": "https://registry.npmjs.org/detect-libc/-/detect-libc-2.0.3.tgz",
      "integrity": "sha512-bwy0MGW55bG41VqxxypOsdSdGqLwXPI/focwgTYCFMbdUiBAxLg9CFzG08sz2aqzknwiX7Hkl0bQENjg8iLByw==",
      "engines": {
        "node": ">=8"
      }
    },
    "node_modules/gm": {
      "version": "1.25.0",
      "resolved": "https://registry.npmjs.org/gm/-/gm-1.25.0.tgz",
      "integrity": "sha512-4kKdWXTtgQ4biIo7hZA396HT062nDVVHPjQcurNZ3o/voYN+o5FUC5kOwuORbpExp3XbTJ3SU7iRipiIhQtovw==",
      "dependencies": {
        "array-parallel": "~0.1.3",
        "array-series": "~0.1.5",
        "cross-spawn": "^4.0.0",
        "debug": "^3.1.0"
      },
      "engines": {
        "node": ">=14"
      }
    },
    "node_modules/isexe": {
      "version": "2.0.0",
      "resolved": "https://registry.npmjs.org/isexe/-/isexe-2.0.0.tgz",
      "integrity": "sha512-RHxMLp9lnKHGHRng9QFhRCMbYAcVpn69smSGcq3f36xjgVVWThj4qqLbTLlq7Ssj8B+fIQ1EuCEGI2lKsyQeIw=="
    },
    "node_modules/lru-cache": {
      "version": "4.1.5",
      "resolved": "https://registry.npmjs.org/lru-cache/-/lru-cache-4.1.5.tgz",
      "integrity": "sha512-sWZlbEP2OsHNkXrMl5GYk/jKk70MBng6UU4YI/qGDYbgf6YbP4EvmqISbXCoJiRKs+1bSpFHVgQxvJ17F2li5g==",
      "dependencies": {
        "pseudomap": "^1.0.2",
        "yallist": "^2.1.2"
      }
    },
    "node_modules/ms": {
      "version": "2.1.3",
      "resolved": "https://registry.npmjs.org/ms/-/ms-2.1.3.tgz",
      "integrity": "sha512-6FlzubTLZG3J2a/NVCAleEhjzq5oxgHyaCU9yYXvcLsvoVaHJq/s5xXI6/XXP6tz7R9xAOtHnSO/tXtF3WRTlA=="
    },
    "node_modules/pseudomap": {
      "version": "1.0.2",
      "resolved": "https://registry.npmjs.org/pseudomap/-/pseudomap-1.0.2.tgz",
      "integrity": "sha512-b/YwNhb8lk1Zz2+bXXpS/LK9OisiZZ1SNsSLxN1x2OXVEhW2Ckr/7mWE5vrC1ZTiJlD9g19jWszTmJsB+oEpFQ=="
    },
    "node_modules/semver": {
      "version": "7.6.2",
      "resolved": "https://registry.npmjs.org/semver/-/semver-7.6.2.tgz",
      "integrity": "sha512-FNAIBWCx9qcRhoHcgcJ0gvU7SN1lYU2ZXuSfl04bSC5OpvDHFyJCjdNHomPXxjQlCBU67YW64PzY7/VIEH7F2w==",
      "bin": {
        "semver": "bin/semver.js"
      },
      "engines": {
        "node": ">=10"
      }
    },
    "node_modules/sharp": {
      "version": "0.33.4",
      "resolved": "https://registry.npmjs.org/sharp/-/sharp-0.33.4.tgz",
      "integrity": "sha512-7i/dt5kGl7qR4gwPRD2biwD2/SvBn3O04J77XKFgL2OnZtQw+AG9wnuS/csmu80nPRHLYE9E41fyEiG8nhH6/Q==",
      "hasInstallScript": true,
      "dependencies": {
        "color": "^4.2.3",
        "detect-libc": "^2.0.3",
        "semver": "^7.6.0"
      },
      "engines": {
        "libvips": ">=8.15.2",
        "node": "^18.17.0 || ^20.3.0 || >=21.0.0"
      },
      "funding": {
        "url": "https://opencollective.com/libvips"
      },
      "optionalDependencies": {
        "@img/sharp-darwin-arm64": "0.33.4",
        "@img/sharp-darwin-x64": "0.33.4",
        "@img/sharp-libvips-darwin-arm64": "1.0.2",
        "@img/sharp-libvips-darwin-x64": "1.0.2",
        "@img/sharp-libvips-linux-arm": "1.0.2",
        "@img/sharp-libvips-linux-arm64": "1.0.2",
        "@img/sharp-libvips-linux-s390x": "1.0.2",
        "@img/sharp-libvips-linux-x64": "1.0.2",
        "@img/sharp-libvips-linuxmusl-arm64": "1.0.2",
        "@img/sharp-libvips-linuxmusl-x64": "1.0.2",
        "@img/sharp-linux-arm": "0.33.4",
        "@img/sharp-linux-arm64": "0.33.4",
        "@img/sharp-linux-s390x": "0.33.4",
        "@img/sharp-linux-x64": "0.33.4",
        "@img/sharp-linuxmusl-arm64": "0.33.4",
        "@img/sharp-linuxmusl-x64": "0.33.4",
        "@img/sharp-wasm32": "0.33.4",
        "@img/sharp-win32-ia32": "0.33.4",
        "@img/sharp-win32-x64": "0.33.4"
      }
    },
    "node_modules/which": {
      "version": "1.3.1",
      "resolved": "https://registry.npmjs.org/which/-/which-1.3.1.tgz",
      "integrity": "sha512-HxJdYWq1MTIQbJ3nw0cqssHoTNU267KlrDuGZ1WYlxDStUtKUhOaJmh112/TZmHxxUfuJqPXSOm7tDyas0OSIQ==",
      "dependencies": {
        "isexe": "^2.0.0"
      },
      "bin": {
        "which": "bin/which"
      }
    },
    "node_modules/yallist": {
      "version": "2.1.2",
      "resolved": "https://registry.npmjs.org/yallist/-/yallist-2.1.2.tgz",
      "integrity": "sha512-ncTzHV7NvsQZkYe1DW7cbDLm0YpzHmZF5r/iyP3ZnQtMiJ+pjzisCiMNI+Sj+xQF5pXhSHxSB3uDbsBTzY/c2A=="
    }
  }
}
